github.com/goccy/go-yaml v1.19.2 h1:PmFC1S6h8ljIz6gMRBopkjP1TVT7xuwrButHID66PoM=
github.com/goccy/go-yaml v1.19.2/go.mod h1:XBurs7gK8ATbW4ZPGKgcbrY1Br56PdM69F7LkFRi1kA=
github.com/gomarkdown/markdown v0.0.0-20260412113850-134a5b2cce7f h1:C5vKBogs/Qf5ID8F8XuRO8SFL+5SH7JMJrAfdLAZ2iA=
github.com/gomarkdown/markdown v0.0.0-20260412113850-134a5b2cce7f/go.mod h1:JDGcbDT52eL4fju3sZ4TeHGsQwhG9nbDV21aMyhwPoA=
github.com/toon-format/toon-go v0.0.0-20251202084852-7ca0e27c4e8c h1:D8lDFovBMZywze1eh9iwMLcYor5f11mHBocLhO7cBe8=
github.com/toon-format/toon-go v0.0.0-20251202084852-7ca0e27c4e8c/go.mod h1:j/BOnpF2ihnz4lELs99h9mwGJBx/zdleOUCnLLRPCsc=
